// !$*UTF8*$!
{
	archiveVersion = 1;
	classes = {
	};
	objectVersion = 46;
	objects = {

/* Begin PBXBuildFile section */
		A3AE54C41B4EFDB3001219C2 /* main.m in Sources */ = {isa = PBXBuildFile; fileRef = A3AE54C31B4EFDB3001219C2 /* main.m */; };
		A3AE54C71B4EFDB3001219C2 /* AppDelegate.m in Sources */ = {isa = PBXBuildFile; fileRef = A3AE54C61B4EFDB3001219C2 /* AppDelegate.m */; };
		A3AE54CA1B4EFDB3001219C2 /* ViewController.m in Sources */ = {isa = PBXBuildFile; fileRef = A3AE54C91B4EFDB3001219C2 /* ViewController.m */; };
		A3AE54CD1B4EFDB3001219C2 /* Main.storyboard in Resources */ = {isa = PBXBuildFile; fileRef = A3AE54CB1B4EFDB3001219C2 /* Main.storyboard */; };
		A3AE54CF1B4EFDB3001219C2 /* Images.xcassets in Resources */ = {isa = PBXBuildFile; fileRef = A3AE54CE1B4EFDB3001219C2 /* Images.xcassets */; };
		A3AE54D21B4EFDB3001219C2 /* LaunchScreen.xib in Resources */ = {isa = PBXBuildFile; fileRef = A3AE54D01B4EFDB3001219C2 /* LaunchScreen.xib */; };
		A3AE54DE1B4EFDB3001219C2 /* SliderValueTests.m in Sources */ = {isa = PBXBuildFile; fileRef = A3AE54DD1B4EFDB3001219C2 /* SliderValueTests.m */; };
/* End PBXBuildFile section */

/* Begin PBXContainerItemProxy section */
		A3AE54D81B4EFDB3001219C2 /* PBXContainerItemProxy */ = {
			isa = PBXContainerItemProxy;
			containerPortal = A3AE54B61B4EFDB3001219C2 /* Project object */;
			proxyType = 1;
			remoteGlobalIDString = A3AE54BD1B4EFDB3001219C2;
			remoteInfo = SliderValue;
		};
/* End PBXContainerItemProxy section */

/* Begin PBXFileReference section */
		A3AE54BE1B4EFDB3001219C2 /* SliderValue.app */ = {isa = PBXFileReference; explicitFileType = wrapper.application; includeInIndex = 0; path = SliderValue.app; sourceTree = BUILT_PRODUCTS_DIR; };
		A3AE54C21B4EFDB3001219C2 /* Info.plist */ = {isa = PBXFileReference; lastKnownFileType = text.plist.xml; path = Info.plist; sourceTree = "<group>"; };
		A3AE54C31B4EFDB3001219C2 /* main.m */ = {isa = PBXFileReference; lastKnownFileType = sourcecode.c.objc; path = main.m; sourceTree = "<group>"; };
		A3AE54C51B4EFDB3001219C2 /* AppDelegate.h */ = {isa = PBXFileReference; lastKnownFileType = sourcecode.c.h; path = AppDelegate.h; sourceTree = "<group>"; };
		A3AE54C61B4EFDB3001219C2 /* AppDelegate.m */ = {isa = PBXFileReference; lastKnownFileType = sourcecode.c.objc; path = AppDelegate.m; sourceTree = "<group>"; };
		A3AE54C81B4EFDB3001219C2 /* ViewController.h */ = {isa = PBXFileReference; lastKnownFileType = sourcecode.c.h; path = ViewController.h; sourceTree = "<group>"; };
		A3AE54C91B4EFDB3001219C2 /* ViewController.m */ = {isa = PBXFileReference; lastKnownFileType = sourcecode.c.objc; path = ViewController.m; sourceTree = "<group>"; };
		A3AE54CC1B4EFDB3001219C2 /* Base */ = {isa = PBXFileReference; lastKnownFileType = file.storyboard; name = Base; path = Base.lproj/Main.storyboard; sourceTree = "<group>"; };
		A3AE54CE1B4EFDB3001219C2 /* Images.xcassets */ = {isa = PBXFileReference; lastKnownFileType = folder.assetcatalog; path = Images.xcassets; sourceTree = "<group>"; };
		A3AE54D11B4EFDB3001219C2 /* Base */ = {isa = PBXFileReference; lastKnownFileType = file.xib; name = Base; path = Base.lproj/LaunchScreen.xib; sourceTree = "<group>"; };
		A3AE54D71B4EFDB3001219C2 /* SliderValueTests.xctest */ = {isa = PBXFileReference; explicitFileType = wrapper.cfbundle; includeInIndex = 0; path = SliderValueTests.xctest; sourceTree = BUILT_PRODUCTS_DIR; };
		A3AE54DC1B4EFDB3001219C2 /* Info.plist */ = {isa = PBXFileReference; lastKnownFileType = text.plist.xml; path = Info.plist; sourceTree = "<group>"; };
		A3AE54DD1B4EFDB3001219C2 /* SliderValueTests.m */ = {isa = PBXFileReference; lastKnownFileType = sourcecode.c.objc; path = SliderValueTests.m; sourceTree = "<group>"; };
/* End PBXFileReference section */

/* Begin PBXFrameworksBuildPhase section */
		A3AE54BB1B4EFDB3001219C2 /* Frameworks */ = {
			isa = PBXFrameworksBuildPhase;
			buildActionMask = 2147483647;
			files = (
			);
			runOnlyForDeploymentPostprocessing = 0;
		};
		A3AE54D41B4EFDB3001219C2 /* Frameworks */ = {
			isa = PBXFrameworksBuildPhase;
			buildActionMask = 2147483647;
			files = (
			);
			runOnlyForDeploymentPostprocessing = 0;
		};
/* End PBXFrameworksBuildPhase section */

/* Begin PBXGroup section */
		A3AE54B51B4EFDB3001219C2 = {
			isa = PBXGroup;
			children = (
				A3AE54C01B4EFDB3001219C2 /* SliderValue */,
				A3AE54DA1B4EFDB3001219C2 /* SliderValueTests */,
				A3AE54BF1B4EFDB3001219C2 /* Products */,
			);
			sourceTree = "<group>";
		};
		A3AE54BF1B4EFDB3001219C2 /* Products */ = {
			isa = PBXGroup;
			children = (
				A3AE54BE1B4EFDB3001219C2 /* SliderValue.app */,
				A3AE54D71B4EFDB3001219C2 /* SliderValueTests.xctest */,
			);
			name = Products;
			sourceTree = "<group>";
		};
		A3AE54C01B4EFDB3001219C2 /* SliderValue */ = {
			isa = PBXGroup;
			children = (
				A3AE54C51B4EFDB3001219C2 /* AppDelegate.h */,
				A3AE54C61B4EFDB3001219C2 /* AppDelegate.m */,
				A3AE54C81B4EFDB3001219C2 /* ViewController.h */,
				A3AE54C91B4EFDB3001219C2 /* ViewController.m */,
				A3AE54CB1B4EFDB3001219C2 /* Main.storyboard */,
				A3AE54CE1B4EFDB3001219C2 /* Images.xcassets */,
				A3AE54D01B4EFDB3001219C2 /* LaunchScreen.xib */,
				A3AE54C11B4EFDB3001219C2 /* Supporting Files */,
			);
			path = SliderValue;
			sourceTree = "<group>";
		};
		A3AE54C11B4EFDB3001219C2 /* Supporting Files */ = {
			isa = PBXGroup;
			children = (
				A3AE54C21B4EFDB3001219C2 /* Info.plist */,
				A3AE54C31B4EFDB3001219C2 /* main.m */,
			);
			name = "Supporting Files";
			sourceTree = "<group>";
		};
		A3AE54DA1B4EFDB3001219C2 /* SliderValueTests */ = {
			isa = PBXGroup;
			children = (
				A3AE54DD1B4EFDB3001219C2 /* SliderValueTests.m */,
				A3AE54DB1B4EFDB3001219C2 /* Supporting Files */,
			);
			path = SliderValueTests;
			sourceTree = "<group>";
		};
		A3AE54DB1B4EFDB3001219C2 /* Supporting Files */ = {
			isa = PBXGroup;
			children = (
				A3AE54DC1B4EFDB3001219C2 /* Info.plist */,
			);
			name = "Supporting Files";
			sourceTree = "<group>";
		};
/* End PBXGroup section */

/* Begin PBXNativeTarget section */
		A3AE54BD1B4EFDB3001219C2 /* SliderValue */ = {
			isa = PBXNativeTarget;
			buildConfigurationList = A3AE54E11B4EFDB3001219C2 /* Build configuration list for PBXNativeTarget "SliderValue" */;
			buildPhases = (
				A3AE54BA1B4EFDB3001219C2 /* Sources */,
				A3AE54BB1B4EFDB3001219C2 /* Frameworks */,
				A3AE54BC1B4EFDB3001219C2 /* Resources */,
			);
			buildRules = (
			);
			dependencies = (
			);
			name = SliderValue;
			productName = SliderValue;
			productReference = A3AE54BE1B4EFDB3001219C2 /* SliderValue.app */;
			productType = "com.apple.product-type.application";
		};
		A3AE54D61B4EFDB3001219C2 /* SliderValueTests */ = {
			isa = PBXNativeTarget;
			buildConfigurationList = A3AE54E41B4EFDB3001219C2 /* Build configuration list for PBXNativeTarget "SliderValueTests" */;
			buildPhases = (
				A3AE54D31B4EFDB3001219C2 /* Sources */,
				A3AE54D41B4EFDB3001219C2 /* Frameworks */,
				A3AE54D51B4EFDB3001219C2 /* Resources */,
			);
			buildRules = (
			);
			dependencies = (
				A3AE54D91B4EFDB3001219C2 /* PBXTargetDependency */,
			);
			name = SliderValueTests;
			productName = SliderValueTests;
			productReference = A3AE54D71B4EFDB3001219C2 /* SliderValueTests.xctest */;
			productType = "com.apple.product-type.bundle.unit-test";
		};
/* End PBXNativeTarget section */

/* Begin PBXProject section */
		A3AE54B61B4EFDB3001219C2 /* Project object */ = {
			isa = PBXProject;
			attributes = {
				LastUpgradeCheck = 0640;
				ORGANIZATIONNAME = Geeksdobyte;
				TargetAttributes = {
					A3AE54BD1B4EFDB3001219C2 = {
						CreatedOnToolsVersion = 6.4;
					};
					A3AE54D61B4EFDB3001219C2 = {
						CreatedOnToolsVersion = 6.4;
						TestTargetID = A3AE54BD1B4EFDB3001219C2;
					};
				};
			};
			buildConfigurationList = A3AE54B91B4EFDB3001219C2 /* Build configuration list for PBXProject "SliderValue" */;
			compatibilityVersion = "Xcode 3.2";
			developmentRegion = English;
			hasScannedForEncodings = 0;
			knownRegions = (
				en,
				Base,
			);
			mainGroup = A3AE54B51B4EFDB3001219C2;
			productRefGroup = A3AE54BF1B4EFDB3001219C2 /* Products */;
			projectDirPath = "";
			projectRoot = "";
			targets = (
				A3AE54BD1B4EFDB3001219C2 /* SliderValue */,
				A3AE54D61B4EFDB3001219C2 /* SliderValueTests */,
			);
		};
/* End PBXProject section */

/* Begin PBXResourcesBuildPhase section */
		A3AE54BC1B4EFDB3001219C2 /* Resources */ = {
			isa = PBXResourcesBuildPhase;
			buildActionMask = 2147483647;
			files = (
				A3AE54CD1B4EFDB3001219C2 /* Main.storyboard in Resources */,
				A3AE54D21B4EFDB3001219C2 /* LaunchScreen.xib in Resources */,
				A3AE54CF1B4EFDB3001219C2 /* Images.xcassets in Resources */,
			);
			runOnlyForDeploymentPostprocessing = 0;
		};
		A3AE54D51B4EFDB3001219C2 /* Resources */ = {
			isa = PBXResourcesBuildPhase;
			buildActionMask = 2147483647;
			files = (
			);
			runOnlyForDeploymentPostprocessing = 0;
		};
/* End PBXResourcesBuildPhase section */

/* Begin PBXSourcesBuildPhase section */
		A3AE54BA1B4EFDB3001219C2 /* Sources */ = {
			isa = PBXSourcesBuildPhase;
			buildActionMask = 2147483647;
			files = (
				A3AE54CA1B4EFDB3001219C2 /* ViewController.m in Sources */,
				A3AE54C71B4EFDB3001219C2 /* AppDelegate.m in Sources */,
				A3AE54C41B4EFDB3001219C2 /* main.m in Sources */,
			);
			runOnlyForDeploymentPostprocessing = 0;
		};
		A3AE54D31B4EFDB3001219C2 /* Sources */ = {
			isa = PBXSourcesBuildPhase;
			buildActionMask = 2147483647;
			files = (
				A3AE54DE1B4EFDB3001219C2 /* SliderValueTests.m in Sources */,
			);
			runOnlyForDeploymentPostprocessing = 0;
		};
/* End PBXSourcesBuildPhase section */

/* Begin PBXTargetDependency section */
		A3AE54D91B4EFDB3001219C2 /* PBXTargetDependency */ = {
			isa = PBXTargetDependency;
			target = A3AE54BD1B4EFDB3001219C2 /* SliderValue */;
			targetProxy = A3AE54D81B4EFDB3001219C2 /* PBXContainerItemProxy */;
		};
/* End PBXTargetDependency section */

/* Begin PBXVariantGroup section */
		A3AE54CB1B4EFDB3001219C2 /* Main.storyboard */ = {
			isa = PBXVariantGroup;
			children = (
				A3AE54CC1B4EFDB3001219C2 /* Base */,
			);
			name = Main.storyboard;
			sourceTree = "<group>";
		};
		A3AE54D01B4EFDB3001219C2 /* LaunchScreen.xib */ = {
			isa = PBXVariantGroup;
			children = (
				A3AE54D11B4EFDB3001219C2 /* Base */,
			);
			name = LaunchScreen.xib;
			sourceTree = "<group>";
		};
/* End PBXVariantGroup section */

/* Begin XCBuildConfiguration section */
		A3AE54DF1B4EFDB3001219C2 /* Debug */ = {
			isa = XCBuildConfiguration;
			buildSettings = {
				ALWAYS_SEARCH_USER_PATHS = NO;
				CLANG_CXX_LANGUAGE_STANDARD = "gnu++0x";
				CLANG_CXX_LIBRARY = "libc++";
				CLANG_ENABLE_MODULES = YES;
				CLANG_ENABLE_OBJC_ARC = YES;
				CLANG_WARN_BOOL_CONVERSION = YES;
				CLANG_WARN_CONSTANT_CONVERSION = YES;
				CLANG_WARN_DIRECT_OBJC_ISA_USAGE = YES_ERROR;
				CLANG_WARN_EMPTY_BODY = YES;
				CLANG_WARN_ENUM_CONVERSION = YES;
				CLANG_WARN_INT_CONVERSION = YES;
				CLANG_WARN_OBJC_ROOT_CLASS = YES_ERROR;
				CLANG_WARN_UNREACHABLE_CODE = YES;
				CLANG_WARN__DUPLICATE_METHOD_MATCH = YES;
				"CODE_SIGN_IDENTITY[sdk=iphoneos*]" = "iPhone Developer";
				COPY_PHASE_STRIP = NO;
				DEBUG_INFORMATION_FORMAT = "dwarf-with-dsym";
				ENABLE_STRICT_OBJC_MSGSEND = YES;
				GCC_C_LANGUAGE_STANDARD = gnu99;
				GCC_DYNAMIC_NO_PIC = NO;
				GCC_NO_COMMON_BLOCKS = YES;
				GCC_OPTIMIZATION_LEVEL = 0;
				GCC_PREPROCESSOR_DEFINITIONS = (
					"DEBUG=1",
					"$(inherited)",
				);
				GCC_SYMBOLS_PRIVATE_EXTERN = NO;
				GCC_WARN_64_TO_32_BIT_CONVERSION = YES;
				GCC_WARN_ABOUT_RETURN_TYPE = YES_ERROR;
				GCC_WARN_UNDECLARED_SELECTOR = YES;
				GCC_WARN_UNINITIALIZED_AUTOS = YES_AGGRESSIVE;
				GCC_WARN_UNUSED_FUNCTION = YES;
				GCC_WARN_UNUSED_VARIABLE = YES;
				IPHONEOS_DEPLOYMENT_TARGET = 8.4;
				MTL_ENABLE_DEBUG_INFO = YES;
				ONLY_ACTIVE_ARCH = YES;
				SDKROOT = iphoneos;
			};
			name = Debug;
		};
		A3AE54E01B4EFDB3001219C2 /* Release */ = {
			isa = XCBuildConfiguration;
			buildSettings = {
				ALWAYS_SEARCH_USER_PATHS = NO;
				CLANG_CXX_LANGUAGE_STANDARD = "gnu++0x";
				CLANG_CXX_LIBRARY = "libc++";
				CLANG_ENABLE_MODULES = YES;
				CLANG_ENABLE_OBJC_ARC = YES;
				CLANG_WARN_BOOL_CONVERSION = YES;
				CLANG_WARN_CONSTANT_CONVERSION = YES;
				CLANG_WARN_DIRECT_OBJC_ISA_USAGE = YES_ERROR;
				CLANG_WARN_EMPTY_BODY = YES;
				CLANG_WARN_ENUM_CONVERSION = YES;
				CLANG_WARN_INT_CONVERSION = YES;
				CLANG_WARN_OBJC_ROOT_CLASS = YES_ERROR;
				CLANG_WARN_UNREACHABLE_CODE = YES;
				CLANG_WARN__DUPLICATE_METHOD_MATCH = YES;
				"CODE_SIGN_IDENTITY[sdk=iphoneos*]" = "iPhone Developer";
				COPY_PHASE_STRIP = NO;
				DEBUG_INFORMATION_FORMAT = "dwarf-with-dsym";
				ENABLE_NS_ASSERTIONS = NO;
				ENABLE_STRICT_OBJC_MSGSEND = YES;
				GCC_C_LANGUAGE_STANDARD = gnu99;
				GCC_NO_COMMON_BLOCKS = YES;
				GCC_WARN_64_TO_32_BIT_CONVERSION = YES;
				GCC_WARN_ABOUT_RETURN_TYPE = YES_ERROR;
				GCC_WARN_UNDECLARED_SELECTOR = YES;
				GCC_WARN_UNINITIALIZED_AUTOS = YES_AGGRESSIVE;
				GCC_WARN_UNUSED_FUNCTION = YES;
				GCC_WARN_UNUSED_VARIABLE = YES;
				IPHONEOS_DEPLOYMENT_TARGET = 8.4;
				MTL_ENABLE_DEBUG_INFO = NO;
				SDKROOT = iphoneos;
				VALIDATE_PRODUCT = YES;
			};
			name = Release;
		};
		A3AE54E21B4EFDB3001219C2 /* Debug */ = {
			isa = XCBuildConfiguration;
			buildSettings = {
				ASSETCATALOG_COMPILER_APPICON_NAME = AppIcon;
				INFOPLIST_FILE = SliderValue/Info.plist;
				LD_RUNPATH_SEARCH_PATHS = "$(inherited) @executable_path/Frameworks";
				PRODUCT_NAME = "$(TARGET_NAME)";
			};
			name = Debug;
		};
		A3AE54E31B4EFDB3001219C2 /* Release */ = {
			isa = XCBuildConfiguration;
			buildSettings = {
				ASSETCATALOG_COMPILER_APPICON_NAME = AppIcon;
				INFOPLIST_FILE = SliderValue/Info.plist;
				LD_RUNPATH_SEARCH_PATHS = "$(inherited) @executable_path/Frameworks";
				PRODUCT_NAME = "$(TARGET_NAME)";
			};
			name = Release;
		};
		A3AE54E51B4EFDB3001219C2 /* Debug */ = {
			isa = XCBuildConfiguration;
			buildSettings = {
				BUNDLE_LOADER = "$(TEST_HOST)";
				FRAMEWORK_SEARCH_PATHS = (
					"$(SDKROOT)/Developer/Library/Frameworks",
					"$(inherited)",
				);
				GCC_PREPROCESSOR_DEFINITIONS = (
					"DEBUG=1",
					"$(inherited)",
				);
				INFOPLIST_FILE = SliderValueTests/Info.plist;
				LD_RUNPATH_SEARCH_PATHS = "$(inherited) @executable_path/Frameworks @loader_path/Frameworks";
				PRODUCT_NAME = "$(TARGET_NAME)";
				TEST_HOST = "$(BUILT_PRODUCTS_DIR)/SliderValue.app/SliderValue";
			};
			name = Debug;
		};
		A3AE54E61B4EFDB3001219C2 /* Release */ = {
			isa = XCBuildConfiguration;
			buildSettings = {
				BUNDLE_LOADER = "$(TEST_HOST)";
				FRAMEWORK_SEARCH_PATHS = (
					"$(SDKROOT)/Developer/Library/Frameworks",
					"$(inherited)",
				);
				INFOPLIST_FILE = SliderValueTests/Info.plist;
				LD_RUNPATH_SEARCH_PATHS = "$(inherited) @executable_path/Frameworks @loader_path/Frameworks";
				PRODUCT_NAME = "$(TARGET_NAME)";
				TEST_HOST = "$(BUILT_PRODUCTS_DIR)/SliderValue.app/SliderValue";
			};
			name = Release;
		};
/* End XCBuildConfiguration section */

/* Begin XCConfigurationList section */
		A3AE54B91B4EFDB3001219C2 /* Build configuration list for PBXProject "SliderValue" */ = {
			isa = XCConfigurationList;
			buildConfigurations = (
				A3AE54DF1B4EFDB3001219C2 /* Debug */,
				A3AE54E01B4EFDB3001219C2 /* Release */,
			);
			defaultConfigurationIsVisible = 0;
			defaultConfigurationName = Release;
		};
		A3AE54E11B4EFDB3001219C2 /* Build configuration list for PBXNativeTarget "SliderValue" */ = {
			isa = XCConfigurationList;
			buildConfigurations = (
				A3AE54E21B4EFDB3001219C2 /* Debug */,
				A3AE54E31B4EFDB3001219C2 /* Release */,
			);
			defaultConfigurationIsVisible = 0;
		};
		A3AE54E41B4EFDB3001219C2 /* Build configuration list for PBXNativeTarget "SliderValueTests" */ = {
			isa = XCConfigurationList;
			buildConfigurations = (
				A3AE54E51B4EFDB3001219C2 /* Debug */,
				A3AE54E61B4EFDB3001219C2 /* Release */,
			);
			defaultConfigurationIsVisible = 0;
		};
/* End XCConfigurationList section */
	};
	rootObject = A3AE54B61B4EFDB3001219C2 /* Project object */;
}
